
Microsoft Visual Studio Solution File, Format Version 12.00
# Visual Studio Version 16
VisualStudioVersion = 16.0.31515.178
MinimumVisualStudioVersion = 10.0.40219.1
Project("{FAE04EC0-301F-11D3-BF4B-00C04F79EFBC}") = "DeploymentBot.API", "DeploymentBot.API.csproj", "{2213CE76-EDCB-47E1-B53B-77B2B00E879A}"
EndProject
Global
	GlobalSection(SolutionConfigurationPlatforms) = preSolution
		Debug|Any CPU = Debug|Any CPU
		Release|Any CPU = Release|Any CPU
	EndGlobalSection
	GlobalSection(ProjectConfigurationPlatforms) = postSolution
		{2213CE76-EDCB-47E1-B53B-77B2B00E879A}.Debug|Any CPU.ActiveCfg = Debug|Any CPU
		{2213CE76-EDCB-47E1-B53B-77B2B00E879A}.Debug|Any CPU.Build.0 = Debug|Any CPU
		{2213CE76-EDCB-47E1-B53B-77B2B00E879A}.Release|Any CPU.ActiveCfg = Release|Any CPU
		{2213CE76-EDCB-47E1-B53B-77B2B00E879A}.Release|Any CPU.Build.0 = Release|Any CPU
	EndGlobalSection
	GlobalSection(SolutionProperties) = preSolution
		HideSolutionNode = FALSE
	EndGlobalSection
	GlobalSection(ExtensibilityGlobals) = postSolution
		SolutionGuid = {B79417D1-5AF8-439D-9230-534831837E85}
	EndGlobalSection
EndGlobal
